
Microsoft Visual Studio Solution File, Format Version 12.00
# Visual Studio Version 17
VisualStudioVersion = 17.4.33205.214
MinimumVisualStudioVersion = 10.0.40219.1
Project("{FAE04EC0-301F-11D3-BF4B-00C04F79EFBC}") = "EsercizioVerificaRecuperoGit", "EsercizioVerificaRecuperoGit\EsercizioVerificaRecuperoGit.csproj", "{00408904-0078-4B46-BA21-29AE2C6F16C8}"
EndProject
Global
	GlobalSection(SolutionConfigurationPlatforms) = preSolution
		Debug|Any CPU = Debug|Any CPU
		Release|Any CPU = Release|Any CPU
	EndGlobalSection
	GlobalSection(ProjectConfigurationPlatforms) = postSolution
		{00408904-0078-4B46-BA21-29AE2C6F16C8}.Debug|Any CPU.ActiveCfg = Debug|Any CPU
		{00408904-0078-4B46-BA21-29AE2C6F16C8}.Debug|Any CPU.Build.0 = Debug|Any CPU
		{00408904-0078-4B46-BA21-29AE2C6F16C8}.Release|Any CPU.ActiveCfg = Release|Any CPU
		{00408904-0078-4B46-BA21-29AE2C6F16C8}.Release|Any CPU.Build.0 = Release|Any CPU
	EndGlobalSection
	GlobalSection(SolutionProperties) = preSolution
		HideSolutionNode = FALSE
	EndGlobalSection
	GlobalSection(ExtensibilityGlobals) = postSolution
		SolutionGuid = {968273B8-805C-44A4-8AA4-88A9BFE7B9D2}
	EndGlobalSection
EndGlobal
